
Microsoft Visual Studio Solution File, Format Version 12.00
# Visual Studio Version 17
VisualStudioVersion = 17.7.34221.43
MinimumVisualStudioVersion = 10.0.40219.1
Project("{FAE04EC0-301F-11D3-BF4B-00C04F79EFBC}") = "IP2GEO", "IP2GEO\IP2GEO.csproj", "{EB74B7F0-4CFC-408E-8207-31086A74A725}"
EndProject
Project("{FAE04EC0-301F-11D3-BF4B-00C04F79EFBC}") = "TESTINGIP2GEO", "TESTINGIP2GEO\TESTINGIP2GEO.csproj", "{51F44E47-FC33-4667-957C-784EE798DCB9}"
EndProject
Global
	GlobalSection(SolutionConfigurationPlatforms) = preSolution
		Debug|Any CPU = Debug|Any CPU
		Release|Any CPU = Release|Any CPU
	EndGlobalSection
	GlobalSection(ProjectConfigurationPlatforms) = postSolution
		{EB74B7F0-4CFC-408E-8207-31086A74A725}.Debug|Any CPU.ActiveCfg = Debug|Any CPU
		{EB74B7F0-4CFC-408E-8207-31086A74A725}.Debug|Any CPU.Build.0 = Debug|Any CPU
		{EB74B7F0-4CFC-408E-8207-31086A74A725}.Release|Any CPU.ActiveCfg = Release|Any CPU
		{EB74B7F0-4CFC-408E-8207-31086A74A725}.Release|Any CPU.Build.0 = Release|Any CPU
		{51F44E47-FC33-4667-957C-784EE798DCB9}.Debug|Any CPU.ActiveCfg = Debug|Any CPU
		{51F44E47-FC33-4667-957C-784EE798DCB9}.Debug|Any CPU.Build.0 = Debug|Any CPU
		{51F44E47-FC33-4667-957C-784EE798DCB9}.Release|Any CPU.ActiveCfg = Release|Any CPU
		{51F44E47-FC33-4667-957C-784EE798DCB9}.Release|Any CPU.Build.0 = Release|Any CPU
	EndGlobalSection
	GlobalSection(SolutionProperties) = preSolution
		HideSolutionNode = FALSE
	EndGlobalSection
	GlobalSection(ExtensibilityGlobals) = postSolution
		SolutionGuid = {4E07F5A4-9DDC-4E22-B176-2A1C61357C6C}
	EndGlobalSection
EndGlobal
